
Microsoft Visual Studio Solution File, Format Version 12.00
# Visual Studio Version 16
VisualStudioVersion = 16.0.30621.155
MinimumVisualStudioVersion = 10.0.40219.1
Project("{FAE04EC0-301F-11D3-BF4B-00C04F79EFBC}") = "PultCore", "PultCore\PultCore.csproj", "{F7CA6E8D-3886-423D-B36E-665E72D64A38}"
EndProject
Global
	GlobalSection(SolutionConfigurationPlatforms) = preSolution
		Debug|Any CPU = Debug|Any CPU
		Release|Any CPU = Release|Any CPU
	EndGlobalSection
	GlobalSection(ProjectConfigurationPlatforms) = postSolution
		{F7CA6E8D-3886-423D-B36E-665E72D64A38}.Debug|Any CPU.ActiveCfg = Debug|Any CPU
		{F7CA6E8D-3886-423D-B36E-665E72D64A38}.Debug|Any CPU.Build.0 = Debug|Any CPU
		{F7CA6E8D-3886-423D-B36E-665E72D64A38}.Release|Any CPU.ActiveCfg = Release|Any CPU
		{F7CA6E8D-3886-423D-B36E-665E72D64A38}.Release|Any CPU.Build.0 = Release|Any CPU
	EndGlobalSection
	GlobalSection(SolutionProperties) = preSolution
		HideSolutionNode = FALSE
	EndGlobalSection
	GlobalSection(ExtensibilityGlobals) = postSolution
		SolutionGuid = {C2DC2A0C-A0BD-4640-82D6-AA85CAA7F61E}
	EndGlobalSection
EndGlobal
